{
  "object": {
    "pins": [
      {
        "package": "SwiftOpenGL",
        "repositoryURL": "https://github.com/TKNgu/SwiftOpenGL",
        "state": {
          "branch": null,
          "revision": "3817b518866483e1ef9fbc45ef8194ba833589ed",
          "version": "1.0.2"
        }
      }
    ]
  },
  "version": 1
}
